// !$*UTF8*$!
{
	archiveVersion = 1;
	classes = {
	};
	objectVersion = 52;
	objects = {

/* Begin PBXBuildFile section */
		82335D8E272BC5C00004FA51 /* TodoListDetailViewController.swift in Sources */ = {isa = PBXBuildFile; fileRef = 82335D8D272BC5C00004FA51 /* TodoListDetailViewController.swift */; };
		826C05242733BB7D00E7EDDD /* TodoListDetailCollectionViewCell.swift in Sources */ = {isa = PBXBuildFile; fileRef = 826C05222733BB7D00E7EDDD /* TodoListDetailCollectionViewCell.swift */; };
		826C05252733BB7D00E7EDDD /* TodoListDetailCollectionViewCell.xib in Resources */ = {isa = PBXBuildFile; fileRef = 826C05232733BB7D00E7EDDD /* TodoListDetailCollectionViewCell.xib */; };
		827C1E642734F4B80043756D /* BottomSheetsViewController+function.swift in Sources */ = {isa = PBXBuildFile; fileRef = 827C1E632734F4B70043756D /* BottomSheetsViewController+function.swift */; };
		828648ED272678C800EA5CAF /* SnapKit in Frameworks */ = {isa = PBXBuildFile; productRef = 828648EC272678C800EA5CAF /* SnapKit */; };
		8293DFB8273206D90053FD41 /* BottomSheetsViewController.swift in Sources */ = {isa = PBXBuildFile; fileRef = 82A8B6AF2732060B0035D6A9 /* BottomSheetsViewController.swift */; };
		8293DFB9273206D90053FD41 /* BottomSheetViewController.swift in Sources */ = {isa = PBXBuildFile; fileRef = 82A8B6AE2732060B0035D6A9 /* BottomSheetViewController.swift */; };
		8293DFBF273245870053FD41 /* TodoListDetailViewController+objc.swift in Sources */ = {isa = PBXBuildFile; fileRef = 8293DFBE273245870053FD41 /* TodoListDetailViewController+objc.swift */; };
		82CB510F2734C33C009D3170 /* CALayer+Extension.swift in Sources */ = {isa = PBXBuildFile; fileRef = 82CB510E2734C33C009D3170 /* CALayer+Extension.swift */; };
		B622FBAB2741EE78002EC735 /* AskViewController.swift in Sources */ = {isa = PBXBuildFile; fileRef = B622FBAA2741EE78002EC735 /* AskViewController.swift */; };
		B622FBB1274214C0002EC735 /* SettingViewController.swift in Sources */ = {isa = PBXBuildFile; fileRef = B622FBB0274214C0002EC735 /* SettingViewController.swift */; };
		B622FBB5274214E2002EC735 /* AskDetailViewController.swift in Sources */ = {isa = PBXBuildFile; fileRef = B622FBB4274214E2002EC735 /* AskDetailViewController.swift */; };
		B62C2EE8272A1FCD00D8FF8B /* Configs.swift in Sources */ = {isa = PBXBuildFile; fileRef = B62C2EE7272A1FCD00D8FF8B /* Configs.swift */; };
		B64ABEE227424F640058F161 /* CommonMessage.swift in Sources */ = {isa = PBXBuildFile; fileRef = B64ABEE127424F640058F161 /* CommonMessage.swift */; };
		B65044BF274378A00038AC80 /* RadFrameworkPackage in Frameworks */ = {isa = PBXBuildFile; productRef = B65044BE274378A00038AC80 /* RadFrameworkPackage */; };
		B682101B2733A5CE001F56DD /* CustomToolBar.swift in Sources */ = {isa = PBXBuildFile; fileRef = B682101A2733A5CE001F56DD /* CustomToolBar.swift */; };
		B69B06B42732196D00E99BB2 /* MyPageNonLoginViewController.swift in Sources */ = {isa = PBXBuildFile; fileRef = B69B06B32732196D00E99BB2 /* MyPageNonLoginViewController.swift */; };
		B69B06C127325A6500E99BB2 /* CustomSegmentedControl.swift in Sources */ = {isa = PBXBuildFile; fileRef = B69B06C027325A6500E99BB2 /* CustomSegmentedControl.swift */; };
		B69B06C82732698C00E99BB2 /* MyChallengeListViewController.swift in Sources */ = {isa = PBXBuildFile; fileRef = B69B06C72732698C00E99BB2 /* MyChallengeListViewController.swift */; };
		B6A255ED272772A200C3EC14 /* HomeViewController.swift in Sources */ = {isa = PBXBuildFile; fileRef = B6A255EC272772A200C3EC14 /* HomeViewController.swift */; };
		B6A255F2272772BD00C3EC14 /* HomeSB.storyboard in Resources */ = {isa = PBXBuildFile; fileRef = B6A255F1272772BD00C3EC14 /* HomeSB.storyboard */; };
		B6A255F527277C4100C3EC14 /* Color.xcassets in Resources */ = {isa = PBXBuildFile; fileRef = B6A255F427277C4100C3EC14 /* Color.xcassets */; };
		B6A2560127278A0600C3EC14 /* loginAnimation.json in Resources */ = {isa = PBXBuildFile; fileRef = B6A2560027278A0600C3EC14 /* loginAnimation.json */; };
		B6A2560527278CF000C3EC14 /* UIColor+Extension.swift in Sources */ = {isa = PBXBuildFile; fileRef = B6A2560427278CF000C3EC14 /* UIColor+Extension.swift */; };
		B6A2560927279ED200C3EC14 /* LoginViewController.swift in Sources */ = {isa = PBXBuildFile; fileRef = B6A2560827279ED200C3EC14 /* LoginViewController.swift */; };
		B6A256132727BFBD00C3EC14 /* UserJoinSB.storyboard in Resources */ = {isa = PBXBuildFile; fileRef = B6A256122727BFBD00C3EC14 /* UserJoinSB.storyboard */; };
		B6A2561C2727C03E00C3EC14 /* JoinViewControllerr.swift in Sources */ = {isa = PBXBuildFile; fileRef = B6A2561B2727C03E00C3EC14 /* JoinViewControllerr.swift */; };
		B6A41CDE273C91AE007625D6 /* TodoCollectModel.swift in Sources */ = {isa = PBXBuildFile; fileRef = B6A41CDD273C91AE007625D6 /* TodoCollectModel.swift */; };
		B6A41CE1273CF6EB007625D6 /* ChallengeCollectViewModel.swift in Sources */ = {isa = PBXBuildFile; fileRef = B6A41CE0273CF6EB007625D6 /* ChallengeCollectViewModel.swift */; };
		B6AEAF2A2734A304004727F6 /* UINavigationController+Extension.swift in Sources */ = {isa = PBXBuildFile; fileRef = B6AEAF292734A304004727F6 /* UINavigationController+Extension.swift */; };
		B6AEAF322734AD45004727F6 /* UserDefault+Extension.swift in Sources */ = {isa = PBXBuildFile; fileRef = B6AEAF312734AD45004727F6 /* UserDefault+Extension.swift */; };
		B6B604292728D2B400CD8453 /* UITextField+Extension.swift in Sources */ = {isa = PBXBuildFile; fileRef = B6B604282728D2B400CD8453 /* UITextField+Extension.swift */; };
		B6BB84E22730AA0D00035C77 /* PieChartView.xib in Resources */ = {isa = PBXBuildFile; fileRef = B6BB84E12730AA0D00035C77 /* PieChartView.xib */; };
		B6BB84E52730AA2300035C77 /* PieChartView.swift in Sources */ = {isa = PBXBuildFile; fileRef = B6BB84E42730AA2300035C77 /* PieChartView.swift */; };
		B6BB84FD2731162B00035C77 /* ProfileEditViewController.swift in Sources */ = {isa = PBXBuildFile; fileRef = B6BB84FC2731162B00035C77 /* ProfileEditViewController.swift */; };
		B6BF761E272B88620031F2C9 /* FindUserInfoViewController.swift in Sources */ = {isa = PBXBuildFile; fileRef = B6BF761D272B88620031F2C9 /* FindUserInfoViewController.swift */; };
		B6BF7621272B897B0031F2C9 /* UserModel.swift in Sources */ = {isa = PBXBuildFile; fileRef = B6BF7620272B897B0031F2C9 /* UserModel.swift */; };
		B6BF7624272B89A40031F2C9 /* UserViewModel.swift in Sources */ = {isa = PBXBuildFile; fileRef = B6BF7623272B89A40031F2C9 /* UserViewModel.swift */; };
		B6BF763B272BCD610031F2C9 /* MyPageViewController.swift in Sources */ = {isa = PBXBuildFile; fileRef = B6BF7639272BCD610031F2C9 /* MyPageViewController.swift */; };
		B6BF763C272BCD610031F2C9 /* MyPageSB.storyboard in Resources */ = {isa = PBXBuildFile; fileRef = B6BF763A272BCD610031F2C9 /* MyPageSB.storyboard */; };
		B6C3FCB0272661570046E35A /* AppDelegate.swift in Sources */ = {isa = PBXBuildFile; fileRef = B6C3FCAF272661570046E35A /* AppDelegate.swift */; };
		B6C3FCB4272661570046E35A /* MainViewController.swift in Sources */ = {isa = PBXBuildFile; fileRef = B6C3FCB3272661570046E35A /* MainViewController.swift */; };
		B6C3FCB7272661570046E35A /* MainViewController.storyboard in Resources */ = {isa = PBXBuildFile; fileRef = B6C3FCB5272661570046E35A /* MainViewController.storyboard */; };
		B6C3FCB9272661580046E35A /* Assets.xcassets in Resources */ = {isa = PBXBuildFile; fileRef = B6C3FCB8272661580046E35A /* Assets.xcassets */; };
		B6C3FCBC272661580046E35A /* LaunchScreen.storyboard in Resources */ = {isa = PBXBuildFile; fileRef = B6C3FCBA272661580046E35A /* LaunchScreen.storyboard */; };
		B6C3FD27272665200046E35A /* Lottie in Frameworks */ = {isa = PBXBuildFile; productRef = B6C3FD26272665200046E35A /* Lottie */; };
		B6C3FD2B272665A60046E35A /* SkeletonView in Frameworks */ = {isa = PBXBuildFile; productRef = B6C3FD2A272665A60046E35A /* SkeletonView */; };
		B6C3FD47272666BA0046E35A /* ServiceExample.swift in Sources */ = {isa = PBXBuildFile; fileRef = B6C3FD46272666BA0046E35A /* ServiceExample.swift */; };
		B6C3FD4A272666C40046E35A /* ModelExample.swift in Sources */ = {isa = PBXBuildFile; fileRef = B6C3FD49272666C40046E35A /* ModelExample.swift */; };
		B6C3FD4D272666CF0046E35A /* ViewModelExample.swift in Sources */ = {isa = PBXBuildFile; fileRef = B6C3FD4C272666CF0046E35A /* ViewModelExample.swift */; };
		B6C3FD7627266BD00046E35A /* CommonMethod.swift in Sources */ = {isa = PBXBuildFile; fileRef = B6C3FD7527266BD00046E35A /* CommonMethod.swift */; };
		B6C6D2762743807E006344BF /* loading.json in Resources */ = {isa = PBXBuildFile; fileRef = B6C6D2752743807E006344BF /* loading.json */; };
		B6CF10DE2739068300223EDB /* MyChallengeCell.swift in Sources */ = {isa = PBXBuildFile; fileRef = B6CF10DD2739068300223EDB /* MyChallengeCell.swift */; };
		B6E815AF2731232800809530 /* UIView+Extension.swift in Sources */ = {isa = PBXBuildFile; fileRef = B6E815AE2731232800809530 /* UIView+Extension.swift */; };
		B6F6ED112734F89D00A4C88E /* MainViewController+function.swift in Sources */ = {isa = PBXBuildFile; fileRef = B6F6ED0D2734F89D00A4C88E /* MainViewController+function.swift */; };
		B6F6ED122734F89D00A4C88E /* MainViewController+objc.swift in Sources */ = {isa = PBXBuildFile; fileRef = B6F6ED0E2734F89D00A4C88E /* MainViewController+objc.swift */; };
		B6F6ED142734F89D00A4C88E /* TodoListTableViewCell.swift in Sources */ = {isa = PBXBuildFile; fileRef = B6F6ED102734F89D00A4C88E /* TodoListTableViewCell.swift */; };
		B6F6ED192734F8FF00A4C88E /* MainViewController+table.swift in Sources */ = {isa = PBXBuildFile; fileRef = B6F6ED182734F8FF00A4C88E /* MainViewController+table.swift */; };
		B6F6ED1C2734F92B00A4C88E /* TodoViewModel.swift in Sources */ = {isa = PBXBuildFile; fileRef = B6F6ED1B2734F92B00A4C88E /* TodoViewModel.swift */; };
		B6F6ED1F2734F93500A4C88E /* TodoModel.swift in Sources */ = {isa = PBXBuildFile; fileRef = B6F6ED1E2734F93500A4C88E /* TodoModel.swift */; };
		B6F6ED242734F96700A4C88E /* down-arrows.json in Resources */ = {isa = PBXBuildFile; fileRef = B6F6ED212734F96700A4C88E /* down-arrows.json */; };
		B6F6ED252734F96700A4C88E /* up-arrows.json in Resources */ = {isa = PBXBuildFile; fileRef = B6F6ED222734F96700A4C88E /* up-arrows.json */; };
		B6F6ED262734F96700A4C88E /* mic.json in Resources */ = {isa = PBXBuildFile; fileRef = B6F6ED232734F96700A4C88E /* mic.json */; };
		B6F6ED292734F9AE00A4C88E /* TodoListTableViewCell.xib in Resources */ = {isa = PBXBuildFile; fileRef = B6F6ED282734F9AE00A4C88E /* TodoListTableViewCell.xib */; };
/* End PBXBuildFile section */

/* Begin PBXCopyFilesBuildPhase section */
		B65044B42743766C0038AC80 /* Embed Frameworks */ = {
			isa = PBXCopyFilesBuildPhase;
			buildActionMask = 2147483647;
			dstPath = "";
			dstSubfolderSpec = 10;
			files = (
			);
			name = "Embed Frameworks";
			runOnlyForDeploymentPostprocessing = 0;
		};
/* End PBXCopyFilesBuildPhase section */

/* Begin PBXFileReference section */
		82335D8D272BC5C00004FA51 /* TodoListDetailViewController.swift */ = {isa = PBXFileReference; lastKnownFileType = sourcecode.swift; path = TodoListDetailViewController.swift; sourceTree = "<group>"; };
		826C05222733BB7D00E7EDDD /* TodoListDetailCollectionViewCell.swift */ = {isa = PBXFileReference; lastKnownFileType = sourcecode.swift; path = TodoListDetailCollectionViewCell.swift; sourceTree = "<group>"; };
		826C05232733BB7D00E7EDDD /* TodoListDetailCollectionViewCell.xib */ = {isa = PBXFileReference; lastKnownFileType = file.xib; path = TodoListDetailCollectionViewCell.xib; sourceTree = "<group>"; };
		827C1E632734F4B70043756D /* BottomSheetsViewController+function.swift */ = {isa = PBXFileReference; lastKnownFileType = sourcecode.swift; path = "BottomSheetsViewController+function.swift"; sourceTree = "<group>"; };
		8293DFBE273245870053FD41 /* TodoListDetailViewController+objc.swift */ = {isa = PBXFileReference; lastKnownFileType = sourcecode.swift; path = "TodoListDetailViewController+objc.swift"; sourceTree = "<group>"; };
		82A8B6AE2732060B0035D6A9 /* BottomSheetViewController.swift */ = {isa = PBXFileReference; lastKnownFileType = sourcecode.swift; path = BottomSheetViewController.swift; sourceTree = "<group>"; };
		82A8B6AF2732060B0035D6A9 /* BottomSheetsViewController.swift */ = {isa = PBXFileReference; lastKnownFileType = sourcecode.swift; path = BottomSheetsViewController.swift; sourceTree = "<group>"; };
		82CB510E2734C33C009D3170 /* CALayer+Extension.swift */ = {isa = PBXFileReference; lastKnownFileType = sourcecode.swift; path = "CALayer+Extension.swift"; sourceTree = "<group>"; };
		B622FBAA2741EE78002EC735 /* AskViewController.swift */ = {isa = PBXFileReference; lastKnownFileType = sourcecode.swift; path = AskViewController.swift; sourceTree = "<group>"; };
		B622FBB0274214C0002EC735 /* SettingViewController.swift */ = {isa = PBXFileReference; fileEncoding = 4; lastKnownFileType = sourcecode.swift; path = SettingViewController.swift; sourceTree = "<group>"; };
		B622FBB4274214E2002EC735 /* AskDetailViewController.swift */ = {isa = PBXFileReference; lastKnownFileType = sourcecode.swift; path = AskDetailViewController.swift; sourceTree = "<group>"; };
		B62C2EE7272A1FCD00D8FF8B /* Configs.swift */ = {isa = PBXFileReference; lastKnownFileType = sourcecode.swift; path = Configs.swift; sourceTree = "<group>"; };
		B64ABEE127424F640058F161 /* CommonMessage.swift */ = {isa = PBXFileReference; lastKnownFileType = sourcecode.swift; path = CommonMessage.swift; sourceTree = "<group>"; };
		B682101A2733A5CE001F56DD /* CustomToolBar.swift */ = {isa = PBXFileReference; lastKnownFileType = sourcecode.swift; path = CustomToolBar.swift; sourceTree = "<group>"; };
		B69B06B32732196D00E99BB2 /* MyPageNonLoginViewController.swift */ = {isa = PBXFileReference; lastKnownFileType = sourcecode.swift; path = MyPageNonLoginViewController.swift; sourceTree = "<group>"; };
		B69B06C027325A6500E99BB2 /* CustomSegmentedControl.swift */ = {isa = PBXFileReference; fileEncoding = 4; lastKnownFileType = sourcecode.swift; path = CustomSegmentedControl.swift; sourceTree = "<group>"; };
		B69B06C72732698C00E99BB2 /* MyChallengeListViewController.swift */ = {isa = PBXFileReference; lastKnownFileType = sourcecode.swift; path = MyChallengeListViewController.swift; sourceTree = "<group>"; };
		B6A255EC272772A200C3EC14 /* HomeViewController.swift */ = {isa = PBXFileReference; lastKnownFileType = sourcecode.swift; path = HomeViewController.swift; sourceTree = "<group>"; };
		B6A255F1272772BD00C3EC14 /* HomeSB.storyboard */ = {isa = PBXFileReference; lastKnownFileType = file.storyboard; path = HomeSB.storyboard; sourceTree = "<group>"; };
		B6A255F427277C4100C3EC14 /* Color.xcassets */ = {isa = PBXFileReference; lastKnownFileType = folder.assetcatalog; path = Color.xcassets; sourceTree = "<group>"; };
		B6A2560027278A0600C3EC14 /* loginAnimation.json */ = {isa = PBXFileReference; fileEncoding = 4; lastKnownFileType = text.json; path = loginAnimation.json; sourceTree = "<group>"; };
		B6A2560427278CF000C3EC14 /* UIColor+Extension.swift */ = {isa = PBXFileReference; lastKnownFileType = sourcecode.swift; path = "UIColor+Extension.swift"; sourceTree = "<group>"; };
		B6A2560827279ED200C3EC14 /* LoginViewController.swift */ = {isa = PBXFileReference; lastKnownFileType = sourcecode.swift; path = LoginViewController.swift; sourceTree = "<group>"; };
		B6A256122727BFBD00C3EC14 /* UserJoinSB.storyboard */ = {isa = PBXFileReference; lastKnownFileType = file.storyboard; path = UserJoinSB.storyboard; sourceTree = "<group>"; };
		B6A2561B2727C03E00C3EC14 /* JoinViewControllerr.swift */ = {isa = PBXFileReference; lastKnownFileType = sourcecode.swift; path = JoinViewControllerr.swift; sourceTree = "<group>"; };
		B6A41CDD273C91AE007625D6 /* TodoCollectModel.swift */ = {isa = PBXFileReference; lastKnownFileType = sourcecode.swift; path = TodoCollectModel.swift; sourceTree = "<group>"; };
		B6A41CE0273CF6EB007625D6 /* ChallengeCollectViewModel.swift */ = {isa = PBXFileReference; lastKnownFileType = sourcecode.swift; path = ChallengeCollectViewModel.swift; sourceTree = "<group>"; };
		B6AEAF292734A304004727F6 /* UINavigationController+Extension.swift */ = {isa = PBXFileReference; lastKnownFileType = sourcecode.swift; path = "UINavigationController+Extension.swift"; sourceTree = "<group>"; };
		B6AEAF312734AD45004727F6 /* UserDefault+Extension.swift */ = {isa = PBXFileReference; lastKnownFileType = sourcecode.swift; path = "UserDefault+Extension.swift"; sourceTree = "<group>"; };
		B6B604202728D0B100CD8453 /* ko */ = {isa = PBXFileReference; lastKnownFileType = text.plist.strings; name = ko; path = ko.lproj/LaunchScreen.strings; sourceTree = "<group>"; };
		B6B604212728D0B100CD8453 /* ko */ = {isa = PBXFileReference; lastKnownFileType = text.plist.strings; name = ko; path = ko.lproj/MainViewController.strings; sourceTree = "<group>"; };
		B6B604282728D2B400CD8453 /* UITextField+Extension.swift */ = {isa = PBXFileReference; lastKnownFileType = sourcecode.swift; path = "UITextField+Extension.swift"; sourceTree = "<group>"; };
		B6BB84E12730AA0D00035C77 /* PieChartView.xib */ = {isa = PBXFileReference; lastKnownFileType = file.xib; path = PieChartView.xib; sourceTree = "<group>"; };
		B6BB84E42730AA2300035C77 /* PieChartView.swift */ = {isa = PBXFileReference; lastKnownFileType = sourcecode.swift; path = PieChartView.swift; sourceTree = "<group>"; };
		B6BB84FC2731162B00035C77 /* ProfileEditViewController.swift */ = {isa = PBXFileReference; lastKnownFileType = sourcecode.swift; path = ProfileEditViewController.swift; sourceTree = "<group>"; };
		B6BF761D272B88620031F2C9 /* FindUserInfoViewController.swift */ = {isa = PBXFileReference; lastKnownFileType = sourcecode.swift; path = FindUserInfoViewController.swift; sourceTree = "<group>"; };
		B6BF7620272B897B0031F2C9 /* UserModel.swift */ = {isa = PBXFileReference; lastKnownFileType = sourcecode.swift; path = UserModel.swift; sourceTree = "<group>"; };
		B6BF7623272B89A40031F2C9 /* UserViewModel.swift */ = {isa = PBXFileReference; lastKnownFileType = sourcecode.swift; path = UserViewModel.swift; sourceTree = "<group>"; };
		B6BF7639272BCD610031F2C9 /* MyPageViewController.swift */ = {isa = PBXFileReference; fileEncoding = 4; lastKnownFileType = sourcecode.swift; path = MyPageViewController.swift; sourceTree = "<group>"; };
		B6BF763A272BCD610031F2C9 /* MyPageSB.storyboard */ = {isa = PBXFileReference; fileEncoding = 4; lastKnownFileType = file.storyboard; path = MyPageSB.storyboard; sourceTree = "<group>"; };
		B6C3FCAC272661570046E35A /* DanHaruProject.app */ = {isa = PBXFileReference; explicitFileType = wrapper.application; includeInIndex = 0; path = DanHaruProject.app; sourceTree = BUILT_PRODUCTS_DIR; };
		B6C3FCAF272661570046E35A /* AppDelegate.swift */ = {isa = PBXFileReference; lastKnownFileType = sourcecode.swift; path = AppDelegate.swift; sourceTree = "<group>"; };
		B6C3FCB3272661570046E35A /* MainViewController.swift */ = {isa = PBXFileReference; lastKnownFileType = sourcecode.swift; path = MainViewController.swift; sourceTree = "<group>"; };
		B6C3FCB6272661570046E35A /* Base */ = {isa = PBXFileReference; lastKnownFileType = file.storyboard; name = Base; path = Base.lproj/MainViewController.storyboard; sourceTree = "<group>"; };
		B6C3FCB8272661580046E35A /* Assets.xcassets */ = {isa = PBXFileReference; lastKnownFileType = folder.assetcatalog; path = Assets.xcassets; sourceTree = "<group>"; };
		B6C3FCBB272661580046E35A /* Base */ = {isa = PBXFileReference; lastKnownFileType = file.storyboard; name = Base; path = Base.lproj/LaunchScreen.storyboard; sourceTree = "<group>"; };
		B6C3FCBD272661580046E35A /* Info.plist */ = {isa = PBXFileReference; lastKnownFileType = text.plist.xml; path = Info.plist; sourceTree = "<group>"; };
		B6C3FD46272666BA0046E35A /* ServiceExample.swift */ = {isa = PBXFileReference; lastKnownFileType = sourcecode.swift; path = ServiceExample.swift; sourceTree = "<group>"; };
		B6C3FD49272666C40046E35A /* ModelExample.swift */ = {isa = PBXFileReference; lastKnownFileType = sourcecode.swift; path = ModelExample.swift; sourceTree = "<group>"; };
		B6C3FD4C272666CF0046E35A /* ViewModelExample.swift */ = {isa = PBXFileReference; lastKnownFileType = sourcecode.swift; path = ViewModelExample.swift; sourceTree = "<group>"; };
		B6C3FD6F27266A190046E35A /* DanHaru-Bridging-Header.h */ = {isa = PBXFileReference; lastKnownFileType = sourcecode.c.h; path = "DanHaru-Bridging-Header.h"; sourceTree = "<group>"; };
		B6C3FD7527266BD00046E35A /* CommonMethod.swift */ = {isa = PBXFileReference; lastKnownFileType = sourcecode.swift; path = CommonMethod.swift; sourceTree = "<group>"; };
		B6C6D2752743807E006344BF /* loading.json */ = {isa = PBXFileReference; fileEncoding = 4; lastKnownFileType = text.json; path = loading.json; sourceTree = "<group>"; };
		B6CF10DD2739068300223EDB /* MyChallengeCell.swift */ = {isa = PBXFileReference; lastKnownFileType = sourcecode.swift; path = MyChallengeCell.swift; sourceTree = "<group>"; };
		B6E815AE2731232800809530 /* UIView+Extension.swift */ = {isa = PBXFileReference; lastKnownFileType = sourcecode.swift; path = "UIView+Extension.swift"; sourceTree = "<group>"; };
		B6F6ED0D2734F89D00A4C88E /* MainViewController+function.swift */ = {isa = PBXFileReference; fileEncoding = 4; lastKnownFileType = sourcecode.swift; path = "MainViewController+function.swift"; sourceTree = "<group>"; };
		B6F6ED0E2734F89D00A4C88E /* MainViewController+objc.swift */ = {isa = PBXFileReference; fileEncoding = 4; lastKnownFileType = sourcecode.swift; path = "MainViewController+objc.swift"; sourceTree = "<group>"; };
		B6F6ED102734F89D00A4C88E /* TodoListTableViewCell.swift */ = {isa = PBXFileReference; fileEncoding = 4; lastKnownFileType = sourcecode.swift; path = TodoListTableViewCell.swift; sourceTree = "<group>"; };
		B6F6ED182734F8FF00A4C88E /* MainViewController+table.swift */ = {isa = PBXFileReference; fileEncoding = 4; lastKnownFileType = sourcecode.swift; path = "MainViewController+table.swift"; sourceTree = "<group>"; };
		B6F6ED1B2734F92B00A4C88E /* TodoViewModel.swift */ = {isa = PBXFileReference; fileEncoding = 4; lastKnownFileType = sourcecode.swift; path = TodoViewModel.swift; sourceTree = "<group>"; };
		B6F6ED1E2734F93500A4C88E /* TodoModel.swift */ = {isa = PBXFileReference; fileEncoding = 4; lastKnownFileType = sourcecode.swift; path = TodoModel.swift; sourceTree = "<group>"; };
		B6F6ED212734F96700A4C88E /* down-arrows.json */ = {isa = PBXFileReference; fileEncoding = 4; lastKnownFileType = text.json; path = "down-arrows.json"; sourceTree = "<group>"; };
		B6F6ED222734F96700A4C88E /* up-arrows.json */ = {isa = PBXFileReference; fileEncoding = 4; lastKnownFileType = text.json; path = "up-arrows.json"; sourceTree = "<group>"; };
		B6F6ED232734F96700A4C88E /* mic.json */ = {isa = PBXFileReference; fileEncoding = 4; lastKnownFileType = text.json; path = mic.json; sourceTree = "<group>"; };
		B6F6ED282734F9AE00A4C88E /* TodoListTableViewCell.xib */ = {isa = PBXFileReference; fileEncoding = 4; lastKnownFileType = file.xib; path = TodoListTableViewCell.xib; sourceTree = "<group>"; };
/* End PBXFileReference section */

/* Begin PBXFrameworksBuildPhase section */
		B6C3FCA9272661570046E35A /* Frameworks */ = {
			isa = PBXFrameworksBuildPhase;
			buildActionMask = 2147483647;
			files = (
				B65044BF274378A00038AC80 /* RadFrameworkPackage in Frameworks */,
				B6C3FD2B272665A60046E35A /* SkeletonView in Frameworks */,
				828648ED272678C800EA5CAF /* SnapKit in Frameworks */,
				B6C3FD27272665200046E35A /* Lottie in Frameworks */,
			);
			runOnlyForDeploymentPostprocessing = 0;
		};
/* End PBXFrameworksBuildPhase section */

/* Begin PBXGroup section */
		82335D8C272BC57C0004FA51 /* TodoListDetail */ = {
			isa = PBXGroup;
			children = (
				82335D8D272BC5C00004FA51 /* TodoListDetailViewController.swift */,
				826C05222733BB7D00E7EDDD /* TodoListDetailCollectionViewCell.swift */,
				826C05232733BB7D00E7EDDD /* TodoListDetailCollectionViewCell.xib */,
				8293DFBE273245870053FD41 /* TodoListDetailViewController+objc.swift */,
			);
			path = TodoListDetail;
			sourceTree = "<group>";
		};
		828648E82726778200EA5CAF /* Lottie */ = {
			isa = PBXGroup;
			children = (
				B6C6D2752743807E006344BF /* loading.json */,
				B6A2560027278A0600C3EC14 /* loginAnimation.json */,
				B6F6ED212734F96700A4C88E /* down-arrows.json */,
				B6F6ED232734F96700A4C88E /* mic.json */,
				B6F6ED222734F96700A4C88E /* up-arrows.json */,
			);
			path = Lottie;
			sourceTree = "<group>";
		};
		82A8B6AD273205FA0035D6A9 /* BottomSheets */ = {
			isa = PBXGroup;
			children = (
				82A8B6AF2732060B0035D6A9 /* BottomSheetsViewController.swift */,
				827C1E632734F4B70043756D /* BottomSheetsViewController+function.swift */,
				82A8B6AE2732060B0035D6A9 /* BottomSheetViewController.swift */,
			);
			path = BottomSheets;
			sourceTree = "<group>";
		};
		B622FBAD27421499002EC735 /* Setting */ = {
			isa = PBXGroup;
			children = (
				B622FBB0274214C0002EC735 /* SettingViewController.swift */,
				B622FBAA2741EE78002EC735 /* AskViewController.swift */,
				B622FBB4274214E2002EC735 /* AskDetailViewController.swift */,
			);
			path = Setting;
			sourceTree = "<group>";
		};
		B62A956027292B9D00A3A4BC /* Extension */ = {
			isa = PBXGroup;
			children = (
				B6A2560427278CF000C3EC14 /* UIColor+Extension.swift */,
				B6B604282728D2B400CD8453 /* UITextField+Extension.swift */,
				B6E815AE2731232800809530 /* UIView+Extension.swift */,
				B6AEAF292734A304004727F6 /* UINavigationController+Extension.swift */,
				B6AEAF312734AD45004727F6 /* UserDefault+Extension.swift */,
				82CB510E2734C33C009D3170 /* CALayer+Extension.swift */,
			);
			path = Extension;
			sourceTree = "<group>";
		};
		B69B06C427325A6F00E99BB2 /* CustomSegmentControl */ = {
			isa = PBXGroup;
			children = (
				B69B06C027325A6500E99BB2 /* CustomSegmentedControl.swift */,
			);
			path = CustomSegmentControl;
			sourceTree = "<group>";
		};
		B6A255EF272772A600C3EC14 /* Login&Join */ = {
			isa = PBXGroup;
			children = (
				B6A2560827279ED200C3EC14 /* LoginViewController.swift */,
				B6A2561B2727C03E00C3EC14 /* JoinViewControllerr.swift */,
				B6A256122727BFBD00C3EC14 /* UserJoinSB.storyboard */,
				B6BF761D272B88620031F2C9 /* FindUserInfoViewController.swift */,
			);
			path = "Login&Join";
			sourceTree = "<group>";
		};
		B6A2560B27279ED800C3EC14 /* HomeRoot */ = {
			isa = PBXGroup;
			children = (
				B6A255EC272772A200C3EC14 /* HomeViewController.swift */,
				B6A255F1272772BD00C3EC14 /* HomeSB.storyboard */,
			);
			path = HomeRoot;
			sourceTree = "<group>";
		};
		B6BB84E02730A9ED00035C77 /* PieChart */ = {
			isa = PBXGroup;
			children = (
				B6BB84E12730AA0D00035C77 /* PieChartView.xib */,
				B6BB84E42730AA2300035C77 /* PieChartView.swift */,
			);
			path = PieChart;
			sourceTree = "<group>";
		};
		B6BF7638272BCD610031F2C9 /* MyPage */ = {
			isa = PBXGroup;
			children = (
				B69B06C427325A6F00E99BB2 /* CustomSegmentControl */,
				B6BB84E02730A9ED00035C77 /* PieChart */,
				B6CF10D92739063300223EDB /* MyChallengeList */,
				B622FBAD27421499002EC735 /* Setting */,
				B6BF7639272BCD610031F2C9 /* MyPageViewController.swift */,
				B6BB84FC2731162B00035C77 /* ProfileEditViewController.swift */,
				B69B06B32732196D00E99BB2 /* MyPageNonLoginViewController.swift */,
				B6BF763A272BCD610031F2C9 /* MyPageSB.storyboard */,
			);
			path = MyPage;
			sourceTree = "<group>";
		};
		B6C3FCA3272661560046E35A = {
			isa = PBXGroup;
			children = (
				B6C3FCAE272661570046E35A /* DanHaruProject */,
				B6C3FCAD272661570046E35A /* Products */,
			);
			sourceTree = "<group>";
		};
		B6C3FCAD272661570046E35A /* Products */ = {
			isa = PBXGroup;
			children = (
				B6C3FCAC272661570046E35A /* DanHaruProject.app */,
			);
			name = Products;
			sourceTree = "<group>";
		};
		B6C3FCAE272661570046E35A /* DanHaruProject */ = {
			isa = PBXGroup;
			children = (
				B6C3FD242726647A0046E35A /* Service */,
				B6C3FD222726646B0046E35A /* Model */,
				B6C3FD23272664720046E35A /* ViewModel */,
				B6C3FD19272664260046E35A /* ViewController */,
				B6C3FD7427266BC30046E35A /* Common */,
				B6C3FD1F272664540046E35A /* Resource */,
			);
			path = DanHaruProject;
			sourceTree = "<group>";
		};
		B6C3FD19272664260046E35A /* ViewController */ = {
			isa = PBXGroup;
			children = (
				82A8B6AD273205FA0035D6A9 /* BottomSheets */,
				82335D8C272BC57C0004FA51 /* TodoListDetail */,
				B6C3FD202726645D0046E35A /* AppFirst */,
				B6A2560B27279ED800C3EC14 /* HomeRoot */,
				B6C3FD1D2726644B0046E35A /* Main */,
				B6A255EF272772A600C3EC14 /* Login&Join */,
				B6BF7638272BCD610031F2C9 /* MyPage */,
			);
			path = ViewController;
			sourceTree = "<group>";
		};
		B6C3FD1D2726644B0046E35A /* Main */ = {
			isa = PBXGroup;
			children = (
				B6C3FCB3272661570046E35A /* MainViewController.swift */,
				B6F6ED0D2734F89D00A4C88E /* MainViewController+function.swift */,
				B6F6ED182734F8FF00A4C88E /* MainViewController+table.swift */,
				B6F6ED0E2734F89D00A4C88E /* MainViewController+objc.swift */,
				B6F6ED102734F89D00A4C88E /* TodoListTableViewCell.swift */,
				B6F6ED282734F9AE00A4C88E /* TodoListTableViewCell.xib */,
				B6C3FCB5272661570046E35A /* MainViewController.storyboard */,
			);
			path = Main;
			sourceTree = "<group>";
		};
		B6C3FD1F272664540046E35A /* Resource */ = {
			isa = PBXGroup;
			children = (
				828648E82726778200EA5CAF /* Lottie */,
				B6C3FCBD272661580046E35A /* Info.plist */,
				B6C3FD6F27266A190046E35A /* DanHaru-Bridging-Header.h */,
				B6C3FCB8272661580046E35A /* Assets.xcassets */,
				B6A255F427277C4100C3EC14 /* Color.xcassets */,
			);
			path = Resource;
			sourceTree = "<group>";
		};
		B6C3FD202726645D0046E35A /* AppFirst */ = {
			isa = PBXGroup;
			children = (
				B6C3FCAF272661570046E35A /* AppDelegate.swift */,
				B6C3FCBA272661580046E35A /* LaunchScreen.storyboard */,
			);
			path = AppFirst;
			sourceTree = "<group>";
		};
		B6C3FD222726646B0046E35A /* Model */ = {
			isa = PBXGroup;
			children = (
				B6C3FD49272666C40046E35A /* ModelExample.swift */,
				B6F6ED1E2734F93500A4C88E /* TodoModel.swift */,
				B6BF7620272B897B0031F2C9 /* UserModel.swift */,
				B6A41CDD273C91AE007625D6 /* TodoCollectModel.swift */,
			);
			path = Model;
			sourceTree = "<group>";
		};
		B6C3FD23272664720046E35A /* ViewModel */ = {
			isa = PBXGroup;
			children = (
				B6C3FD4C272666CF0046E35A /* ViewModelExample.swift */,
				B6BF7623272B89A40031F2C9 /* UserViewModel.swift */,
				B6F6ED1B2734F92B00A4C88E /* TodoViewModel.swift */,
				B6A41CE0273CF6EB007625D6 /* ChallengeCollectViewModel.swift */,
			);
			path = ViewModel;
			sourceTree = "<group>";
		};
		B6C3FD242726647A0046E35A /* Service */ = {
			isa = PBXGroup;
			children = (
				B6C3FD46272666BA0046E35A /* ServiceExample.swift */,
			);
			path = Service;
			sourceTree = "<group>";
		};
		B6C3FD7427266BC30046E35A /* Common */ = {
			isa = PBXGroup;
			children = (
				B6C3FD7527266BD00046E35A /* CommonMethod.swift */,
				B62C2EE7272A1FCD00D8FF8B /* Configs.swift */,
				B62A956027292B9D00A3A4BC /* Extension */,
				B682101A2733A5CE001F56DD /* CustomToolBar.swift */,
				B64ABEE127424F640058F161 /* CommonMessage.swift */,
			);
			path = Common;
			sourceTree = "<group>";
		};
		B6CF10D92739063300223EDB /* MyChallengeList */ = {
			isa = PBXGroup;
			children = (
				B69B06C72732698C00E99BB2 /* MyChallengeListViewController.swift */,
				B6CF10DD2739068300223EDB /* MyChallengeCell.swift */,
			);
			path = MyChallengeList;
			sourceTree = "<group>";
		};
/* End PBXGroup section */

/* Begin PBXNativeTarget section */
		B6C3FCAB272661570046E35A /* DanHaruProject */ = {
			isa = PBXNativeTarget;
			buildConfigurationList = B6C3FCC0272661580046E35A /* Build configuration list for PBXNativeTarget "DanHaruProject" */;
			buildPhases = (
				B6C3FCA8272661570046E35A /* Sources */,
				B6C3FCA9272661570046E35A /* Frameworks */,
				B6C3FCAA272661570046E35A /* Resources */,
				B65044B42743766C0038AC80 /* Embed Frameworks */,
			);
			buildRules = (
			);
			dependencies = (
			);
			name = DanHaruProject;
			packageProductDependencies = (
				B6C3FD26272665200046E35A /* Lottie */,
				B6C3FD2A272665A60046E35A /* SkeletonView */,
				828648EC272678C800EA5CAF /* SnapKit */,
				B65044BE274378A00038AC80 /* RadFrameworkPackage */,
			);
			productName = DanHaruProject;
			productReference = B6C3FCAC272661570046E35A /* DanHaruProject.app */;
			productType = "com.apple.product-type.application";
		};
/* End PBXNativeTarget section */

/* Begin PBXProject section */
		B6C3FCA4272661560046E35A /* Project object */ = {
			isa = PBXProject;
			attributes = {
				LastSwiftUpdateCheck = 1230;
				LastUpgradeCheck = 1230;
				TargetAttributes = {
					B6C3FCAB272661570046E35A = {
						CreatedOnToolsVersion = 12.3;
					};
				};
			};
			buildConfigurationList = B6C3FCA7272661560046E35A /* Build configuration list for PBXProject "DanHaruProject" */;
			compatibilityVersion = "Xcode 9.3";
			developmentRegion = en;
			hasScannedForEncodings = 0;
			knownRegions = (
				en,
				Base,
				ko,
			);
			mainGroup = B6C3FCA3272661560046E35A;
			packageReferences = (
				B6C3FD25272665200046E35A /* XCRemoteSwiftPackageReference "lottie-ios" */,
				B6C3FD29272665A60046E35A /* XCRemoteSwiftPackageReference "SkeletonView" */,
				828648EB272678C800EA5CAF /* XCRemoteSwiftPackageReference "SnapKit" */,
				B65044BD274378A00038AC80 /* XCRemoteSwiftPackageReference "RadPKGManager_IOS" */,
			);
			productRefGroup = B6C3FCAD272661570046E35A /* Products */;
			projectDirPath = "";
			projectRoot = "";
			targets = (
				B6C3FCAB272661570046E35A /* DanHaruProject */,
			);
		};
/* End PBXProject section */

/* Begin PBXResourcesBuildPhase section */
		B6C3FCAA272661570046E35A /* Resources */ = {
			isa = PBXResourcesBuildPhase;
			buildActionMask = 2147483647;
			files = (
				B6C3FCBC272661580046E35A /* LaunchScreen.storyboard in Resources */,
				B6A2560127278A0600C3EC14 /* loginAnimation.json in Resources */,
				B6F6ED262734F96700A4C88E /* mic.json in Resources */,
				826C05252733BB7D00E7EDDD /* TodoListDetailCollectionViewCell.xib in Resources */,
				B6F6ED242734F96700A4C88E /* down-arrows.json in Resources */,
				B6A256132727BFBD00C3EC14 /* UserJoinSB.storyboard in Resources */,
				B6BF763C272BCD610031F2C9 /* MyPageSB.storyboard in Resources */,
				B6F6ED252734F96700A4C88E /* up-arrows.json in Resources */,
				B6A255F2272772BD00C3EC14 /* HomeSB.storyboard in Resources */,
				B6F6ED292734F9AE00A4C88E /* TodoListTableViewCell.xib in Resources */,
				B6BB84E22730AA0D00035C77 /* PieChartView.xib in Resources */,
				B6C3FCB9272661580046E35A /* Assets.xcassets in Resources */,
				B6C3FCB7272661570046E35A /* MainViewController.storyboard in Resources */,
				B6A255F527277C4100C3EC14 /* Color.xcassets in Resources */,
				B6C6D2762743807E006344BF /* loading.json in Resources */,
			);
			runOnlyForDeploymentPostprocessing = 0;
		};
/* End PBXResourcesBuildPhase section */

/* Begin PBXSourcesBuildPhase section */
		B6C3FCA8272661570046E35A /* Sources */ = {
			isa = PBXSourcesBuildPhase;
			buildActionMask = 2147483647;
			files = (
				827C1E642734F4B80043756D /* BottomSheetsViewController+function.swift in Sources */,
				B622FBB5274214E2002EC735 /* AskDetailViewController.swift in Sources */,
				B6BB84E52730AA2300035C77 /* PieChartView.swift in Sources */,
				8293DFB8273206D90053FD41 /* BottomSheetsViewController.swift in Sources */,
				8293DFB9273206D90053FD41 /* BottomSheetViewController.swift in Sources */,
				826C05242733BB7D00E7EDDD /* TodoListDetailCollectionViewCell.swift in Sources */,
				82CB510F2734C33C009D3170 /* CALayer+Extension.swift in Sources */,
				B6A2560927279ED200C3EC14 /* LoginViewController.swift in Sources */,
				B6A255ED272772A200C3EC14 /* HomeViewController.swift in Sources */,
				B6F6ED1C2734F92B00A4C88E /* TodoViewModel.swift in Sources */,
				B6CF10DE2739068300223EDB /* MyChallengeCell.swift in Sources */,
				B6F6ED1F2734F93500A4C88E /* TodoModel.swift in Sources */,
				B69B06B42732196D00E99BB2 /* MyPageNonLoginViewController.swift in Sources */,
				B622FBAB2741EE78002EC735 /* AskViewController.swift in Sources */,
				B6C3FCB4272661570046E35A /* MainViewController.swift in Sources */,
				B6A2561C2727C03E00C3EC14 /* JoinViewControllerr.swift in Sources */,
				B6BF7624272B89A40031F2C9 /* UserViewModel.swift in Sources */,
				B6C3FD4D272666CF0046E35A /* ViewModelExample.swift in Sources */,
				B6F6ED122734F89D00A4C88E /* MainViewController+objc.swift in Sources */,
				B6BF761E272B88620031F2C9 /* FindUserInfoViewController.swift in Sources */,
				B6F6ED192734F8FF00A4C88E /* MainViewController+table.swift in Sources */,
				B62C2EE8272A1FCD00D8FF8B /* Configs.swift in Sources */,
				B6A41CDE273C91AE007625D6 /* TodoCollectModel.swift in Sources */,
				B6C3FCB0272661570046E35A /* AppDelegate.swift in Sources */,
				B622FBB1274214C0002EC735 /* SettingViewController.swift in Sources */,
				B6E815AF2731232800809530 /* UIView+Extension.swift in Sources */,
				B6F6ED112734F89D00A4C88E /* MainViewController+function.swift in Sources */,
				B69B06C82732698C00E99BB2 /* MyChallengeListViewController.swift in Sources */,
				B6AEAF322734AD45004727F6 /* UserDefault+Extension.swift in Sources */,
				B6BF763B272BCD610031F2C9 /* MyPageViewController.swift in Sources */,
				B6B604292728D2B400CD8453 /* UITextField+Extension.swift in Sources */,
				B6A41CE1273CF6EB007625D6 /* ChallengeCollectViewModel.swift in Sources */,
				B64ABEE227424F640058F161 /* CommonMessage.swift in Sources */,
				B6C3FD7627266BD00046E35A /* CommonMethod.swift in Sources */,
				8293DFBF273245870053FD41 /* TodoListDetailViewController+objc.swift in Sources */,
				B6C3FD4A272666C40046E35A /* ModelExample.swift in Sources */,
				B6C3FD47272666BA0046E35A /* ServiceExample.swift in Sources */,
				B6BF7621272B897B0031F2C9 /* UserModel.swift in Sources */,
				B6BB84FD2731162B00035C77 /* ProfileEditViewController.swift in Sources */,
				B6AEAF2A2734A304004727F6 /* UINavigationController+Extension.swift in Sources */,
				B6A2560527278CF000C3EC14 /* UIColor+Extension.swift in Sources */,
				B682101B2733A5CE001F56DD /* CustomToolBar.swift in Sources */,
				B69B06C127325A6500E99BB2 /* CustomSegmentedControl.swift in Sources */,
				82335D8E272BC5C00004FA51 /* TodoListDetailViewController.swift in Sources */,
				B6F6ED142734F89D00A4C88E /* TodoListTableViewCell.swift in Sources */,
			);
			runOnlyForDeploymentPostprocessing = 0;
		};
/* End PBXSourcesBuildPhase section */

/* Begin PBXVariantGroup section */
		B6C3FCB5272661570046E35A /* MainViewController.storyboard */ = {
			isa = PBXVariantGroup;
			children = (
				B6C3FCB6272661570046E35A /* Base */,
				B6B604212728D0B100CD8453 /* ko */,
			);
			name = MainViewController.storyboard;
			sourceTree = "<group>";
		};
		B6C3FCBA272661580046E35A /* LaunchScreen.storyboard */ = {
			isa = PBXVariantGroup;
			children = (
				B6C3FCBB272661580046E35A /* Base */,
				B6B604202728D0B100CD8453 /* ko */,
			);
			name = LaunchScreen.storyboard;
			sourceTree = "<group>";
		};
/* End PBXVariantGroup section */

/* Begin XCBuildConfiguration section */
		B6C3FCBE272661580046E35A /* Debug */ = {
			isa = XCBuildConfiguration;
			buildSettings = {
				ALWAYS_SEARCH_USER_PATHS = NO;
				CLANG_ANALYZER_LOCALIZABILITY_NONLOCALIZED = YES;
				CLANG_ANALYZER_NONNULL = YES;
				CLANG_ANALYZER_NUMBER_OBJECT_CONVERSION = YES_AGGRESSIVE;
				CLANG_CXX_LANGUAGE_STANDARD = "gnu++14";
				CLANG_CXX_LIBRARY = "libc++";
				CLANG_ENABLE_MODULES = YES;
				CLANG_ENABLE_OBJC_ARC = YES;
				CLANG_ENABLE_OBJC_WEAK = YES;
				CLANG_WARN_BLOCK_CAPTURE_AUTORELEASING = YES;
				CLANG_WARN_BOOL_CONVERSION = YES;
				CLANG_WARN_COMMA = YES;
				CLANG_WARN_CONSTANT_CONVERSION = YES;
				CLANG_WARN_DEPRECATED_OBJC_IMPLEMENTATIONS = YES;
				CLANG_WARN_DIRECT_OBJC_ISA_USAGE = YES_ERROR;
				CLANG_WARN_DOCUMENTATION_COMMENTS = YES;
				CLANG_WARN_EMPTY_BODY = YES;
				CLANG_WARN_ENUM_CONVERSION = YES;
				CLANG_WARN_INFINITE_RECURSION = YES;
				CLANG_WARN_INT_CONVERSION = YES;
				CLANG_WARN_NON_LITERAL_NULL_CONVERSION = YES;
				CLANG_WARN_OBJC_IMPLICIT_RETAIN_SELF = YES;
				CLANG_WARN_OBJC_LITERAL_CONVERSION = YES;
				CLANG_WARN_OBJC_ROOT_CLASS = YES_ERROR;
				CLANG_WARN_QUOTED_INCLUDE_IN_FRAMEWORK_HEADER = YES;
				CLANG_WARN_RANGE_LOOP_ANALYSIS = YES;
				CLANG_WARN_STRICT_PROTOTYPES = YES;
				CLANG_WARN_SUSPICIOUS_MOVE = YES;
				CLANG_WARN_UNGUARDED_AVAILABILITY = YES_AGGRESSIVE;
				CLANG_WARN_UNREACHABLE_CODE = YES;
				CLANG_WARN__DUPLICATE_METHOD_MATCH = YES;
				COPY_PHASE_STRIP = NO;
				DEBUG_INFORMATION_FORMAT = dwarf;
				ENABLE_STRICT_OBJC_MSGSEND = YES;
				ENABLE_TESTABILITY = YES;
				GCC_C_LANGUAGE_STANDARD = gnu11;
				GCC_DYNAMIC_NO_PIC = NO;
				GCC_NO_COMMON_BLOCKS = YES;
				GCC_OPTIMIZATION_LEVEL = 0;
				GCC_PREPROCESSOR_DEFINITIONS = (
					"DEBUG=1",
					"$(inherited)",
				);
				GCC_WARN_64_TO_32_BIT_CONVERSION = YES;
				GCC_WARN_ABOUT_RETURN_TYPE = YES_ERROR;
				GCC_WARN_UNDECLARED_SELECTOR = YES;
				GCC_WARN_UNINITIALIZED_AUTOS = YES_AGGRESSIVE;
				GCC_WARN_UNUSED_FUNCTION = YES;
				GCC_WARN_UNUSED_VARIABLE = YES;
				IPHONEOS_DEPLOYMENT_TARGET = 14.3;
				MTL_ENABLE_DEBUG_INFO = INCLUDE_SOURCE;
				MTL_FAST_MATH = YES;
				ONLY_ACTIVE_ARCH = YES;
				SDKROOT = iphoneos;
				SWIFT_ACTIVE_COMPILATION_CONDITIONS = DEBUG;
				SWIFT_OPTIMIZATION_LEVEL = "-Onone";
			};
			name = Debug;
		};
		B6C3FCBF272661580046E35A /* Release */ = {
			isa = XCBuildConfiguration;
			buildSettings = {
				ALWAYS_SEARCH_USER_PATHS = NO;
				CLANG_ANALYZER_LOCALIZABILITY_NONLOCALIZED = YES;
				CLANG_ANALYZER_NONNULL = YES;
				CLANG_ANALYZER_NUMBER_OBJECT_CONVERSION = YES_AGGRESSIVE;
				CLANG_CXX_LANGUAGE_STANDARD = "gnu++14";
				CLANG_CXX_LIBRARY = "libc++";
				CLANG_ENABLE_MODULES = YES;
				CLANG_ENABLE_OBJC_ARC = YES;
				CLANG_ENABLE_OBJC_WEAK = YES;
				CLANG_WARN_BLOCK_CAPTURE_AUTORELEASING = YES;
				CLANG_WARN_BOOL_CONVERSION = YES;
				CLANG_WARN_COMMA = YES;
				CLANG_WARN_CONSTANT_CONVERSION = YES;
				CLANG_WARN_DEPRECATED_OBJC_IMPLEMENTATIONS = YES;
				CLANG_WARN_DIRECT_OBJC_ISA_USAGE = YES_ERROR;
				CLANG_WARN_DOCUMENTATION_COMMENTS = YES;
				CLANG_WARN_EMPTY_BODY = YES;
				CLANG_WARN_ENUM_CONVERSION = YES;
				CLANG_WARN_INFINITE_RECURSION = YES;
				CLANG_WARN_INT_CONVERSION = YES;
				CLANG_WARN_NON_LITERAL_NULL_CONVERSION = YES;
				CLANG_WARN_OBJC_IMPLICIT_RETAIN_SELF = YES;
				CLANG_WARN_OBJC_LITERAL_CONVERSION = YES;
				CLANG_WARN_OBJC_ROOT_CLASS = YES_ERROR;
				CLANG_WARN_QUOTED_INCLUDE_IN_FRAMEWORK_HEADER = YES;
				CLANG_WARN_RANGE_LOOP_ANALYSIS = YES;
				CLANG_WARN_STRICT_PROTOTYPES = YES;
				CLANG_WARN_SUSPICIOUS_MOVE = YES;
				CLANG_WARN_UNGUARDED_AVAILABILITY = YES_AGGRESSIVE;
				CLANG_WARN_UNREACHABLE_CODE = YES;
				CLANG_WARN__DUPLICATE_METHOD_MATCH = YES;
				COPY_PHASE_STRIP = NO;
				DEBUG_INFORMATION_FORMAT = "dwarf-with-dsym";
				ENABLE_NS_ASSERTIONS = NO;
				ENABLE_STRICT_OBJC_MSGSEND = YES;
				GCC_C_LANGUAGE_STANDARD = gnu11;
				GCC_NO_COMMON_BLOCKS = YES;
				GCC_WARN_64_TO_32_BIT_CONVERSION = YES;
				GCC_WARN_ABOUT_RETURN_TYPE = YES_ERROR;
				GCC_WARN_UNDECLARED_SELECTOR = YES;
				GCC_WARN_UNINITIALIZED_AUTOS = YES_AGGRESSIVE;
				GCC_WARN_UNUSED_FUNCTION = YES;
				GCC_WARN_UNUSED_VARIABLE = YES;
				IPHONEOS_DEPLOYMENT_TARGET = 14.3;
				MTL_ENABLE_DEBUG_INFO = NO;
				MTL_FAST_MATH = YES;
				SDKROOT = iphoneos;
				SWIFT_COMPILATION_MODE = wholemodule;
				SWIFT_OPTIMIZATION_LEVEL = "-O";
				VALIDATE_PRODUCT = YES;
			};
			name = Release;
		};
		B6C3FCC1272661580046E35A /* Debug */ = {
			isa = XCBuildConfiguration;
			buildSettings = {
				ASSETCATALOG_COMPILER_APPICON_NAME = AppIcon;
				ASSETCATALOG_COMPILER_GLOBAL_ACCENT_COLOR_NAME = AccentColor;
				CODE_SIGN_STYLE = Automatic;
				DEAD_CODE_STRIPPING = NO;
				DEVELOPMENT_TEAM = 69J4V4ULVW;
				FRAMEWORK_SEARCH_PATHS = (
					"$(inherited)",
					"$(PROJECT_DIR)/DanHaruProject/Resource",
				);
				INFOPLIST_FILE = "$(SRCROOT)/DanHaruProject/Resource/Info.plist";
				IPHONEOS_DEPLOYMENT_TARGET = 11.0;
				LD_RUNPATH_SEARCH_PATHS = (
					"$(inherited)",
					"@executable_path/Frameworks",
				);
				PRODUCT_BUNDLE_IDENTIFIER = kr.co.radcns.DanHaruProject;
				PRODUCT_NAME = "$(TARGET_NAME)";
				SWIFT_OBJC_BRIDGING_HEADER = "$(PROJECT_DIR)/DanHaruProject/Resource/DanHaru-Bridging-Header.h";
				SWIFT_VERSION = 5.0;
				TARGETED_DEVICE_FAMILY = 1;
			};
			name = Debug;
		};
		B6C3FCC2272661580046E35A /* Release */ = {
			isa = XCBuildConfiguration;
			buildSettings = {
				ASSETCATALOG_COMPILER_APPICON_NAME = AppIcon;
				ASSETCATALOG_COMPILER_GLOBAL_ACCENT_COLOR_NAME = AccentColor;
				CODE_SIGN_STYLE = Automatic;
				DEAD_CODE_STRIPPING = NO;
				DEVELOPMENT_TEAM = 69J4V4ULVW;
				FRAMEWORK_SEARCH_PATHS = (
					"$(inherited)",
					"$(PROJECT_DIR)/DanHaruProject/Resource",
				);
				INFOPLIST_FILE = "$(SRCROOT)/DanHaruProject/Resource/Info.plist";
				IPHONEOS_DEPLOYMENT_TARGET = 11.0;
				LD_RUNPATH_SEARCH_PATHS = (
					"$(inherited)",
					"@executable_path/Frameworks",
				);
				PRODUCT_BUNDLE_IDENTIFIER = kr.co.radcns.DanHaruProject;
				PRODUCT_NAME = "$(TARGET_NAME)";
				SWIFT_OBJC_BRIDGING_HEADER = "$(PROJECT_DIR)/DanHaruProject/Resource/DanHaru-Bridging-Header.h";
				SWIFT_VERSION = 5.0;
				TARGETED_DEVICE_FAMILY = 1;
			};
			name = Release;
		};
/* End XCBuildConfiguration section */

/* Begin XCConfigurationList section */
		B6C3FCA7272661560046E35A /* Build configuration list for PBXProject "DanHaruProject" */ = {
			isa = XCConfigurationList;
			buildConfigurations = (
				B6C3FCBE272661580046E35A /* Debug */,
				B6C3FCBF272661580046E35A /* Release */,
			);
			defaultConfigurationIsVisible = 0;
			defaultConfigurationName = Release;
		};
		B6C3FCC0272661580046E35A /* Build configuration list for PBXNativeTarget "DanHaruProject" */ = {
			isa = XCConfigurationList;
			buildConfigurations = (
				B6C3FCC1272661580046E35A /* Debug */,
				B6C3FCC2272661580046E35A /* Release */,
			);
			defaultConfigurationIsVisible = 0;
			defaultConfigurationName = Release;
		};
/* End XCConfigurationList section */

/* Begin XCRemoteSwiftPackageReference section */
		828648EB272678C800EA5CAF /* XCRemoteSwiftPackageReference "SnapKit" */ = {
			isa = XCRemoteSwiftPackageReference;
			repositoryURL = "https://github.com/SnapKit/SnapKit.git";
			requirement = {
				kind = upToNextMajorVersion;
				minimumVersion = 5.0.1;
			};
		};
		B65044BD274378A00038AC80 /* XCRemoteSwiftPackageReference "RadPKGManager_IOS" */ = {
			isa = XCRemoteSwiftPackageReference;
			repositoryURL = "http://gitlab.ileadon.com/IOSDevApp/RadPKGManager_IOS.git";
			requirement = {
				branch = RadSPM_Dependency_ji_young;
				kind = branch;
			};
		};
		B6C3FD25272665200046E35A /* XCRemoteSwiftPackageReference "lottie-ios" */ = {
			isa = XCRemoteSwiftPackageReference;
			repositoryURL = "https://github.com/airbnb/lottie-ios";
			requirement = {
				kind = upToNextMajorVersion;
				minimumVersion = 3.2.3;
			};
		};
		B6C3FD29272665A60046E35A /* XCRemoteSwiftPackageReference "SkeletonView" */ = {
			isa = XCRemoteSwiftPackageReference;
			repositoryURL = "https://github.com/Juanpe/SkeletonView.git";
			requirement = {
				kind = upToNextMajorVersion;
				minimumVersion = 1.25.2;
			};
		};
/* End XCRemoteSwiftPackageReference section */

/* Begin XCSwiftPackageProductDependency section */
		828648EC272678C800EA5CAF /* SnapKit */ = {
			isa = XCSwiftPackageProductDependency;
			package = 828648EB272678C800EA5CAF /* XCRemoteSwiftPackageReference "SnapKit" */;
			productName = SnapKit;
		};
		B65044BE274378A00038AC80 /* RadFrameworkPackage */ = {
			isa = XCSwiftPackageProductDependency;
			package = B65044BD274378A00038AC80 /* XCRemoteSwiftPackageReference "RadPKGManager_IOS" */;
			productName = RadFrameworkPackage;
		};
		B6C3FD26272665200046E35A /* Lottie */ = {
			isa = XCSwiftPackageProductDependency;
			package = B6C3FD25272665200046E35A /* XCRemoteSwiftPackageReference "lottie-ios" */;
			productName = Lottie;
		};
		B6C3FD2A272665A60046E35A /* SkeletonView */ = {
			isa = XCSwiftPackageProductDependency;
			package = B6C3FD29272665A60046E35A /* XCRemoteSwiftPackageReference "SkeletonView" */;
			productName = SkeletonView;
		};
/* End XCSwiftPackageProductDependency section */
	};
	rootObject = B6C3FCA4272661560046E35A /* Project object */;
}
